
Microsoft Visual Studio Solution File, Format Version 12.00
# Visual Studio 15
VisualStudioVersion = 15.0.27130.2036
MinimumVisualStudioVersion = 10.0.40219.1
Project("{FAE04EC0-301F-11D3-BF4B-00C04F79EFBC}") = "Calculator", "Calculator\Calculator.csproj", "{D6B827CA-5F92-4347-BD45-58D723B2A543}"
EndProject
Global
	GlobalSection(SolutionConfigurationPlatforms) = preSolution
		Debug|Any CPU = Debug|Any CPU
		Release|Any CPU = Release|Any CPU
	EndGlobalSection
	GlobalSection(ProjectConfigurationPlatforms) = postSolution
		{D6B827CA-5F92-4347-BD45-58D723B2A543}.Debug|Any CPU.ActiveCfg = Debug|Any CPU
		{D6B827CA-5F92-4347-BD45-58D723B2A543}.Debug|Any CPU.Build.0 = Debug|Any CPU
		{D6B827CA-5F92-4347-BD45-58D723B2A543}.Release|Any CPU.ActiveCfg = Release|Any CPU
		{D6B827CA-5F92-4347-BD45-58D723B2A543}.Release|Any CPU.Build.0 = Release|Any CPU
	EndGlobalSection
	GlobalSection(SolutionProperties) = preSolution
		HideSolutionNode = FALSE
	EndGlobalSection
	GlobalSection(ExtensibilityGlobals) = postSolution
		SolutionGuid = {33E3AD8C-F6C7-46B9-9D0A-6AE9DB9F9F9E}
	EndGlobalSection
EndGlobal
